
Microsoft Visual Studio Solution File, Format Version 12.00
# Visual Studio Version 17
VisualStudioVersion = 17.10.35013.160
MinimumVisualStudioVersion = 10.0.40219.1
Project("{FAE04EC0-301F-11D3-BF4B-00C04F79EFBC}") = "WinTracker", "WinTracker\WinTracker.csproj", "{EDAFF971-C313-4D06-BB93-76B15726CA22}"
EndProject
Global
	GlobalSection(SolutionConfigurationPlatforms) = preSolution
		Debug|Any CPU = Debug|Any CPU
		Release|Any CPU = Release|Any CPU
	EndGlobalSection
	GlobalSection(ProjectConfigurationPlatforms) = postSolution
		{EDAFF971-C313-4D06-BB93-76B15726CA22}.Debug|Any CPU.ActiveCfg = Debug|Any CPU
		{EDAFF971-C313-4D06-BB93-76B15726CA22}.Debug|Any CPU.Build.0 = Debug|Any CPU
		{EDAFF971-C313-4D06-BB93-76B15726CA22}.Release|Any CPU.ActiveCfg = Release|Any CPU
		{EDAFF971-C313-4D06-BB93-76B15726CA22}.Release|Any CPU.Build.0 = Release|Any CPU
	EndGlobalSection
	GlobalSection(SolutionProperties) = preSolution
		HideSolutionNode = FALSE
	EndGlobalSection
	GlobalSection(ExtensibilityGlobals) = postSolution
		SolutionGuid = {756F4706-96A9-4FE1-A345-627BB9B7CE90}
	EndGlobalSection
EndGlobal
